<?xml version="1.0" encoding="utf-8"?>
<Project ToolsVersion="4.0" xmlns="http://schemas.microsoft.com/developer/msbuild/2003">
  <ItemGroup>
    <ClInclude Include="pch.h">
      <Filter>Pch</Filter>
    </ClInclude>
    <ClInclude Include="Test.h">
      <Filter>Test</Filter>
    </ClInclude>
    <ClInclude Include="CoreMacro.h">
      <Filter>main</Filter>
    </ClInclude>
    <ClInclude Include="Color.h">
      <Filter>Types</Filter>
    </ClInclude>
    <ClInclude Include="Vector2.h">
      <Filter>Types</Filter>
    </ClInclude>
    <ClInclude Include="Vector2Int.h">
      <Filter>Types</Filter>
    </ClInclude>
    <ClInclude Include="Vector3.h">
      <Filter>Types</Filter>
    </ClInclude>
    <ClInclude Include="Vector4.h">
      <Filter>Types</Filter>
    </ClInclude>
    <ClInclude Include="framework.h">
      <Filter>main</Filter>
    </ClInclude>
    <ClInclude Include="GTime.h">
      <Filter>Core</Filter>
    </ClInclude>
    <ClInclude Include="Object.h">
      <Filter>Core</Filter>
    </ClInclude>
    <ClInclude Include="Component.h">
      <Filter>Components</Filter>
    </ClInclude>
    <ClInclude Include="GameObject.h">
      <Filter>Core</Filter>
    </ClInclude>
    <ClInclude Include="Transform.h">
      <Filter>Components</Filter>
    </ClInclude>
    <ClInclude Include="concepts.h">
      <Filter>main</Filter>
    </ClInclude>
    <ClInclude Include="Types.h">
      <Filter>Core</Filter>
    </ClInclude>
    <ClInclude Include="Layer.h">
      <Filter>Core</Filter>
    </ClInclude>
    <ClInclude Include="SceneManager.h">
      <Filter>Scene</Filter>
    </ClInclude>
    <ClInclude Include="Scene.h">
      <Filter>Scene</Filter>
    </ClInclude>
    <ClInclude Include="Scene2D.h">
      <Filter>Scene</Filter>
    </ClInclude>
    <ClInclude Include="Input.h">
      <Filter>Core</Filter>
    </ClInclude>
    <ClInclude Include="Collector.h">
      <Filter>Core</Filter>
    </ClInclude>
    <ClInclude Include="CoreHeader.h">
      <Filter>main</Filter>
    </ClInclude>
    <ClInclude Include="Rect.h">
      <Filter>Types</Filter>
    </ClInclude>
    <ClInclude Include="Behaviour.h">
      <Filter>Components</Filter>
    </ClInclude>
    <ClInclude Include="MonoBehaviour.h">
      <Filter>Components</Filter>
    </ClInclude>
  </ItemGroup>
  <ItemGroup>
    <ClCompile Include="pch.cpp">
      <Filter>Pch</Filter>
    </ClCompile>
    <ClCompile Include="Test.cpp">
      <Filter>Test</Filter>
    </ClCompile>
    <ClCompile Include="Vector4.cpp">
      <Filter>Types</Filter>
    </ClCompile>
    <ClCompile Include="dllmain.cpp">
      <Filter>main</Filter>
    </ClCompile>
    <ClCompile Include="GTime.cpp">
      <Filter>Core</Filter>
    </ClCompile>
    <ClCompile Include="Object.cpp">
      <Filter>Core</Filter>
    </ClCompile>
    <ClCompile Include="Component.cpp">
      <Filter>Components</Filter>
    </ClCompile>
    <ClCompile Include="GameObject.cpp">
      <Filter>Core</Filter>
    </ClCompile>
    <ClCompile Include="Transform.cpp">
      <Filter>Components</Filter>
    </ClCompile>
    <ClCompile Include="Layer.cpp">
      <Filter>Core</Filter>
    </ClCompile>
    <ClCompile Include="Scene.cpp">
      <Filter>Scene</Filter>
    </ClCompile>
    <ClCompile Include="Scene2D.cpp">
      <Filter>Scene</Filter>
    </ClCompile>
    <ClCompile Include="SceneManager.cpp">
      <Filter>Scene</Filter>
    </ClCompile>
    <ClCompile Include="Collector.cpp">
      <Filter>Core</Filter>
    </ClCompile>
    <ClCompile Include="Input.cpp">
      <Filter>Core</Filter>
    </ClCompile>
    <ClCompile Include="Behaviour.cpp">
      <Filter>Components</Filter>
    </ClCompile>
    <ClCompile Include="MonoBehaviour.cpp">
      <Filter>Components</Filter>
    </ClCompile>
  </ItemGroup>
  <ItemGroup>
    <Filter Include="Test">
      <UniqueIdentifier>{9f6a448a-1ef7-46a7-b2ee-326a6d14062a}</UniqueIdentifier>
    </Filter>
    <Filter Include="Pch">
      <UniqueIdentifier>{b4586b66-f7d2-4590-89cb-a83ee039502f}</UniqueIdentifier>
    </Filter>
    <Filter Include="Types">
      <UniqueIdentifier>{8b969bee-2dae-4d21-8cf7-e4bc793567b3}</UniqueIdentifier>
    </Filter>
    <Filter Include="Core">
      <UniqueIdentifier>{393642ae-f4af-4f7c-83c6-2d1ec93108c3}</UniqueIdentifier>
    </Filter>
    <Filter Include="main">
      <UniqueIdentifier>{0fa68448-a06a-47aa-9dc3-0f1fc49df07f}</UniqueIdentifier>
    </Filter>
    <Filter Include="Components">
      <UniqueIdentifier>{7337af70-d634-458a-a26f-21ccf9a6a095}</UniqueIdentifier>
    </Filter>
    <Filter Include="Scene">
      <UniqueIdentifier>{84c016f3-650b-49f1-864b-81dec50dfb6d}</UniqueIdentifier>
    </Filter>
  </ItemGroup>
</Project>